
Microsoft Visual Studio Solution File, Format Version 12.00
# Visual Studio 14
VisualStudioVersion = 14.0.25420.1
MinimumVisualStudioVersion = 10.0.40219.1
Project("{FAE04EC0-301F-11D3-BF4B-00C04F79EFBC}") = "FileViewer.Api", "FileViewer.Api\FileViewer.Api.csproj", "{C821407A-4DEE-4418-AA43-B0F67EA3A8B2}"
EndProject
Project("{FAE04EC0-301F-11D3-BF4B-00C04F79EFBC}") = "FileViewer.Client", "FileViewer.Client\FileViewer.Client.csproj", "{22EFBBED-F844-48D8-BB6C-A5C47FC8B248}"
EndProject
Project("{FAE04EC0-301F-11D3-BF4B-00C04F79EFBC}") = "FileViewer.Model", "FileViewer.Model\FileViewer.Model.csproj", "{DB777E16-0361-4A76-B774-C7147AA3FAA1}"
EndProject
Global
	GlobalSection(SolutionConfigurationPlatforms) = preSolution
		Debug|Any CPU = Debug|Any CPU
		Release|Any CPU = Release|Any CPU
	EndGlobalSection
	GlobalSection(ProjectConfigurationPlatforms) = postSolution
		{C821407A-4DEE-4418-AA43-B0F67EA3A8B2}.Debug|Any CPU.ActiveCfg = Debug|Any CPU
		{C821407A-4DEE-4418-AA43-B0F67EA3A8B2}.Debug|Any CPU.Build.0 = Debug|Any CPU
		{C821407A-4DEE-4418-AA43-B0F67EA3A8B2}.Release|Any CPU.ActiveCfg = Release|Any CPU
		{C821407A-4DEE-4418-AA43-B0F67EA3A8B2}.Release|Any CPU.Build.0 = Release|Any CPU
		{22EFBBED-F844-48D8-BB6C-A5C47FC8B248}.Debug|Any CPU.ActiveCfg = Debug|Any CPU
		{22EFBBED-F844-48D8-BB6C-A5C47FC8B248}.Debug|Any CPU.Build.0 = Debug|Any CPU
		{22EFBBED-F844-48D8-BB6C-A5C47FC8B248}.Release|Any CPU.ActiveCfg = Release|Any CPU
		{22EFBBED-F844-48D8-BB6C-A5C47FC8B248}.Release|Any CPU.Build.0 = Release|Any CPU
		{DB777E16-0361-4A76-B774-C7147AA3FAA1}.Debug|Any CPU.ActiveCfg = Debug|Any CPU
		{DB777E16-0361-4A76-B774-C7147AA3FAA1}.Debug|Any CPU.Build.0 = Debug|Any CPU
		{DB777E16-0361-4A76-B774-C7147AA3FAA1}.Release|Any CPU.ActiveCfg = Release|Any CPU
		{DB777E16-0361-4A76-B774-C7147AA3FAA1}.Release|Any CPU.Build.0 = Release|Any CPU
	EndGlobalSection
	GlobalSection(SolutionProperties) = preSolution
		HideSolutionNode = FALSE
	EndGlobalSection
EndGlobal
